
Microsoft Visual Studio Solution File, Format Version 12.00
# Visual Studio Version 17
VisualStudioVersion = 17.9.34616.47
MinimumVisualStudioVersion = 10.0.40219.1
Project("{FAE04EC0-301F-11D3-BF4B-00C04F79EFBC}") = "ClientSide", "ClientSide\ClientSide.csproj", "{AD8F91DB-A7BD-40BD-BAFD-90C8EFFBD15E}"
EndProject
Project("{FAE04EC0-301F-11D3-BF4B-00C04F79EFBC}") = "ServerSide", "ServerSide\ServerSide.csproj", "{715B2B1C-199C-4ABD-9044-DB24A0F4E26F}"
EndProject
Global
	GlobalSection(SolutionConfigurationPlatforms) = preSolution
		Debug|Any CPU = Debug|Any CPU
		Release|Any CPU = Release|Any CPU
	EndGlobalSection
	GlobalSection(ProjectConfigurationPlatforms) = postSolution
		{AD8F91DB-A7BD-40BD-BAFD-90C8EFFBD15E}.Debug|Any CPU.ActiveCfg = Debug|Any CPU
		{AD8F91DB-A7BD-40BD-BAFD-90C8EFFBD15E}.Debug|Any CPU.Build.0 = Debug|Any CPU
		{AD8F91DB-A7BD-40BD-BAFD-90C8EFFBD15E}.Release|Any CPU.ActiveCfg = Release|Any CPU
		{AD8F91DB-A7BD-40BD-BAFD-90C8EFFBD15E}.Release|Any CPU.Build.0 = Release|Any CPU
		{715B2B1C-199C-4ABD-9044-DB24A0F4E26F}.Debug|Any CPU.ActiveCfg = Debug|Any CPU
		{715B2B1C-199C-4ABD-9044-DB24A0F4E26F}.Debug|Any CPU.Build.0 = Debug|Any CPU
		{715B2B1C-199C-4ABD-9044-DB24A0F4E26F}.Release|Any CPU.ActiveCfg = Release|Any CPU
		{715B2B1C-199C-4ABD-9044-DB24A0F4E26F}.Release|Any CPU.Build.0 = Release|Any CPU
	EndGlobalSection
	GlobalSection(SolutionProperties) = preSolution
		HideSolutionNode = FALSE
	EndGlobalSection
	GlobalSection(ExtensibilityGlobals) = postSolution
		SolutionGuid = {10F36121-0306-4000-8DD7-74CB5239CFAF}
	EndGlobalSection
EndGlobal
